// !$*UTF8*$!
{
	archiveVersion = 1;
	classes = {
	};
	objectVersion = 46;
	objects = {

/* Begin PBXBuildFile section */
		867057221DD9910E00C14186 /* main.m in Sources */ = {isa = PBXBuildFile; fileRef = 867057211DD9910E00C14186 /* main.m */; };
		867057251DD9910E00C14186 /* AppDelegate.m in Sources */ = {isa = PBXBuildFile; fileRef = 867057241DD9910E00C14186 /* AppDelegate.m */; };
		867057281DD9910E00C14186 /* ViewController.m in Sources */ = {isa = PBXBuildFile; fileRef = 867057271DD9910E00C14186 /* ViewController.m */; };
		8670572B1DD9910E00C14186 /* Main.storyboard in Resources */ = {isa = PBXBuildFile; fileRef = 867057291DD9910E00C14186 /* Main.storyboard */; };
		8670572D1DD9910E00C14186 /* Assets.xcassets in Resources */ = {isa = PBXBuildFile; fileRef = 8670572C1DD9910E00C14186 /* Assets.xcassets */; };
		867057301DD9910E00C14186 /* LaunchScreen.storyboard in Resources */ = {isa = PBXBuildFile; fileRef = 8670572E1DD9910E00C14186 /* LaunchScreen.storyboard */; };
		8670573B1DD9910E00C14186 /* QRCodeReaderTests.m in Sources */ = {isa = PBXBuildFile; fileRef = 8670573A1DD9910E00C14186 /* QRCodeReaderTests.m */; };
		867057461DD9910E00C14186 /* QRCodeReaderUITests.m in Sources */ = {isa = PBXBuildFile; fileRef = 867057451DD9910E00C14186 /* QRCodeReaderUITests.m */; };
		867057541DD99E7700C14186 /* AVFoundation.framework in Frameworks */ = {isa = PBXBuildFile; fileRef = 867057531DD99E7700C14186 /* AVFoundation.framework */; };
/* End PBXBuildFile section */

/* Begin PBXContainerItemProxy section */
		867057371DD9910E00C14186 /* PBXContainerItemProxy */ = {
			isa = PBXContainerItemProxy;
			containerPortal = 867057151DD9910E00C14186 /* Project object */;
			proxyType = 1;
			remoteGlobalIDString = 8670571C1DD9910E00C14186;
			remoteInfo = QRCodeReader;
		};
		867057421DD9910E00C14186 /* PBXContainerItemProxy */ = {
			isa = PBXContainerItemProxy;
			containerPortal = 867057151DD9910E00C14186 /* Project object */;
			proxyType = 1;
			remoteGlobalIDString = 8670571C1DD9910E00C14186;
			remoteInfo = QRCodeReader;
		};
/* End PBXContainerItemProxy section */

/* Begin PBXFileReference section */
		8670571D1DD9910E00C14186 /* QRCodeReader.app */ = {isa = PBXFileReference; explicitFileType = wrapper.application; includeInIndex = 0; path = QRCodeReader.app; sourceTree = BUILT_PRODUCTS_DIR; };
		867057211DD9910E00C14186 /* main.m */ = {isa = PBXFileReference; lastKnownFileType = sourcecode.c.objc; path = main.m; sourceTree = "<group>"; };
		867057231DD9910E00C14186 /* AppDelegate.h */ = {isa = PBXFileReference; lastKnownFileType = sourcecode.c.h; path = AppDelegate.h; sourceTree = "<group>"; };
		867057241DD9910E00C14186 /* AppDelegate.m */ = {isa = PBXFileReference; lastKnownFileType = sourcecode.c.objc; path = AppDelegate.m; sourceTree = "<group>"; };
		867057261DD9910E00C14186 /* ViewController.h */ = {isa = PBXFileReference; lastKnownFileType = sourcecode.c.h; path = ViewController.h; sourceTree = "<group>"; };
		867057271DD9910E00C14186 /* ViewController.m */ = {isa = PBXFileReference; lastKnownFileType = sourcecode.c.objc; path = ViewController.m; sourceTree = "<group>"; };
		8670572A1DD9910E00C14186 /* Base */ = {isa = PBXFileReference; lastKnownFileType = file.storyboard; name = Base; path = Base.lproj/Main.storyboard; sourceTree = "<group>"; };
		8670572C1DD9910E00C14186 /* Assets.xcassets */ = {isa = PBXFileReference; lastKnownFileType = folder.assetcatalog; path = Assets.xcassets; sourceTree = "<group>"; };
		8670572F1DD9910E00C14186 /* Base */ = {isa = PBXFileReference; lastKnownFileType = file.storyboard; name = Base; path = Base.lproj/LaunchScreen.storyboard; sourceTree = "<group>"; };
		867057311DD9910E00C14186 /* Info.plist */ = {isa = PBXFileReference; lastKnownFileType = text.plist.xml; path = Info.plist; sourceTree = "<group>"; };
		867057361DD9910E00C14186 /* QRCodeReaderTests.xctest */ = {isa = PBXFileReference; explicitFileType = wrapper.cfbundle; includeInIndex = 0; path = QRCodeReaderTests.xctest; sourceTree = BUILT_PRODUCTS_DIR; };
		8670573A1DD9910E00C14186 /* QRCodeReaderTests.m */ = {isa = PBXFileReference; lastKnownFileType = sourcecode.c.objc; path = QRCodeReaderTests.m; sourceTree = "<group>"; };
		8670573C1DD9910E00C14186 /* Info.plist */ = {isa = PBXFileReference; lastKnownFileType = text.plist.xml; path = Info.plist; sourceTree = "<group>"; };
		867057411DD9910E00C14186 /* QRCodeReaderUITests.xctest */ = {isa = PBXFileReference; explicitFileType = wrapper.cfbundle; includeInIndex = 0; path = QRCodeReaderUITests.xctest; sourceTree = BUILT_PRODUCTS_DIR; };
		867057451DD9910E00C14186 /* QRCodeReaderUITests.m */ = {isa = PBXFileReference; lastKnownFileType = sourcecode.c.objc; path = QRCodeReaderUITests.m; sourceTree = "<group>"; };
		867057471DD9910E00C14186 /* Info.plist */ = {isa = PBXFileReference; lastKnownFileType = text.plist.xml; path = Info.plist; sourceTree = "<group>"; };
		867057531DD99E7700C14186 /* AVFoundation.framework */ = {isa = PBXFileReference; lastKnownFileType = wrapper.framework; name = AVFoundation.framework; path = System/Library/Frameworks/AVFoundation.framework; sourceTree = SDKROOT; };
/* End PBXFileReference section */

/* Begin PBXFrameworksBuildPhase section */
		8670571A1DD9910E00C14186 /* Frameworks */ = {
			isa = PBXFrameworksBuildPhase;
			buildActionMask = 2147483647;
			files = (
				867057541DD99E7700C14186 /* AVFoundation.framework in Frameworks */,
			);
			runOnlyForDeploymentPostprocessing = 0;
		};
		867057331DD9910E00C14186 /* Frameworks */ = {
			isa = PBXFrameworksBuildPhase;
			buildActionMask = 2147483647;
			files = (
			);
			runOnlyForDeploymentPostprocessing = 0;
		};
		8670573E1DD9910E00C14186 /* Frameworks */ = {
			isa = PBXFrameworksBuildPhase;
			buildActionMask = 2147483647;
			files = (
			);
			runOnlyForDeploymentPostprocessing = 0;
		};
/* End PBXFrameworksBuildPhase section */

/* Begin PBXGroup section */
		867057141DD9910E00C14186 = {
			isa = PBXGroup;
			children = (
				867057531DD99E7700C14186 /* AVFoundation.framework */,
				8670571F1DD9910E00C14186 /* QRCodeReader */,
				867057391DD9910E00C14186 /* QRCodeReaderTests */,
				867057441DD9910E00C14186 /* QRCodeReaderUITests */,
				8670571E1DD9910E00C14186 /* Products */,
			);
			sourceTree = "<group>";
		};
		8670571E1DD9910E00C14186 /* Products */ = {
			isa = PBXGroup;
			children = (
				8670571D1DD9910E00C14186 /* QRCodeReader.app */,
				867057361DD9910E00C14186 /* QRCodeReaderTests.xctest */,
				867057411DD9910E00C14186 /* QRCodeReaderUITests.xctest */,
			);
			name = Products;
			sourceTree = "<group>";
		};
		8670571F1DD9910E00C14186 /* QRCodeReader */ = {
			isa = PBXGroup;
			children = (
				867057231DD9910E00C14186 /* AppDelegate.h */,
				867057241DD9910E00C14186 /* AppDelegate.m */,
				867057261DD9910E00C14186 /* ViewController.h */,
				867057271DD9910E00C14186 /* ViewController.m */,
				867057291DD9910E00C14186 /* Main.storyboard */,
				8670572C1DD9910E00C14186 /* Assets.xcassets */,
				8670572E1DD9910E00C14186 /* LaunchScreen.storyboard */,
				867057311DD9910E00C14186 /* Info.plist */,
				867057201DD9910E00C14186 /* Supporting Files */,
			);
			path = QRCodeReader;
			sourceTree = "<group>";
		};
		867057201DD9910E00C14186 /* Supporting Files */ = {
			isa = PBXGroup;
			children = (
				867057211DD9910E00C14186 /* main.m */,
			);
			name = "Supporting Files";
			sourceTree = "<group>";
		};
		867057391DD9910E00C14186 /* QRCodeReaderTests */ = {
			isa = PBXGroup;
			children = (
				8670573A1DD9910E00C14186 /* QRCodeReaderTests.m */,
				8670573C1DD9910E00C14186 /* Info.plist */,
			);
			path = QRCodeReaderTests;
			sourceTree = "<group>";
		};
		867057441DD9910E00C14186 /* QRCodeReaderUITests */ = {
			isa = PBXGroup;
			children = (
				867057451DD9910E00C14186 /* QRCodeReaderUITests.m */,
				867057471DD9910E00C14186 /* Info.plist */,
			);
			path = QRCodeReaderUITests;
			sourceTree = "<group>";
		};
/* End PBXGroup section */

/* Begin PBXNativeTarget section */
		8670571C1DD9910E00C14186 /* QRCodeReader */ = {
			isa = PBXNativeTarget;
			buildConfigurationList = 8670574A1DD9910E00C14186 /* Build configuration list for PBXNativeTarget "QRCodeReader" */;
			buildPhases = (
				867057191DD9910E00C14186 /* Sources */,
				8670571A1DD9910E00C14186 /* Frameworks */,
				8670571B1DD9910E00C14186 /* Resources */,
			);
			buildRules = (
			);
			dependencies = (
			);
			name = QRCodeReader;
			productName = QRCodeReader;
			productReference = 8670571D1DD9910E00C14186 /* QRCodeReader.app */;
			productType = "com.apple.product-type.application";
		};
		867057351DD9910E00C14186 /* QRCodeReaderTests */ = {
			isa = PBXNativeTarget;
			buildConfigurationList = 8670574D1DD9910E00C14186 /* Build configuration list for PBXNativeTarget "QRCodeReaderTests" */;
			buildPhases = (
				867057321DD9910E00C14186 /* Sources */,
				867057331DD9910E00C14186 /* Frameworks */,
				867057341DD9910E00C14186 /* Resources */,
			);
			buildRules = (
			);
			dependencies = (
				867057381DD9910E00C14186 /* PBXTargetDependency */,
			);
			name = QRCodeReaderTests;
			productName = QRCodeReaderTests;
			productReference = 867057361DD9910E00C14186 /* QRCodeReaderTests.xctest */;
			productType = "com.apple.product-type.bundle.unit-test";
		};
		867057401DD9910E00C14186 /* QRCodeReaderUITests */ = {
			isa = PBXNativeTarget;
			buildConfigurationList = 867057501DD9910E00C14186 /* Build configuration list for PBXNativeTarget "QRCodeReaderUITests" */;
			buildPhases = (
				8670573D1DD9910E00C14186 /* Sources */,
				8670573E1DD9910E00C14186 /* Frameworks */,
				8670573F1DD9910E00C14186 /* Resources */,
			);
			buildRules = (
			);
			dependencies = (
				867057431DD9910E00C14186 /* PBXTargetDependency */,
			);
			name = QRCodeReaderUITests;
			productName = QRCodeReaderUITests;
			productReference = 867057411DD9910E00C14186 /* QRCodeReaderUITests.xctest */;
			productType = "com.apple.product-type.bundle.ui-testing";
		};
/* End PBXNativeTarget section */

/* Begin PBXProject section */
		867057151DD9910E00C14186 /* Project object */ = {
			isa = PBXProject;
			attributes = {
				LastUpgradeCheck = 0720;
				ORGANIZATIONNAME = vmoksha;
				TargetAttributes = {
					8670571C1DD9910E00C14186 = {
						CreatedOnToolsVersion = 7.2;
						DevelopmentTeam = DH337745N2;
					};
					867057351DD9910E00C14186 = {
						CreatedOnToolsVersion = 7.2;
						TestTargetID = 8670571C1DD9910E00C14186;
					};
					867057401DD9910E00C14186 = {
						CreatedOnToolsVersion = 7.2;
						TestTargetID = 8670571C1DD9910E00C14186;
					};
				};
			};
			buildConfigurationList = 867057181DD9910E00C14186 /* Build configuration list for PBXProject "QRCodeReader" */;
			compatibilityVersion = "Xcode 3.2";
			developmentRegion = English;
			hasScannedForEncodings = 0;
			knownRegions = (
				en,
				Base,
			);
			mainGroup = 867057141DD9910E00C14186;
			productRefGroup = 8670571E1DD9910E00C14186 /* Products */;
			projectDirPath = "";
			projectRoot = "";
			targets = (
				8670571C1DD9910E00C14186 /* QRCodeReader */,
				867057351DD9910E00C14186 /* QRCodeReaderTests */,
				867057401DD9910E00C14186 /* QRCodeReaderUITests */,
			);
		};
/* End PBXProject section */

/* Begin PBXResourcesBuildPhase section */
		8670571B1DD9910E00C14186 /* Resources */ = {
			isa = PBXResourcesBuildPhase;
			buildActionMask = 2147483647;
			files = (
				867057301DD9910E00C14186 /* LaunchScreen.storyboard in Resources */,
				8670572D1DD9910E00C14186 /* Assets.xcassets in Resources */,
				8670572B1DD9910E00C14186 /* Main.storyboard in Resources */,
			);
			runOnlyForDeploymentPostprocessing = 0;
		};
		867057341DD9910E00C14186 /* Resources */ = {
			isa = PBXResourcesBuildPhase;
			buildActionMask = 2147483647;
			files = (
			);
			runOnlyForDeploymentPostprocessing = 0;
		};
		8670573F1DD9910E00C14186 /* Resources */ = {
			isa = PBXResourcesBuildPhase;
			buildActionMask = 2147483647;
			files = (
			);
			runOnlyForDeploymentPostprocessing = 0;
		};
/* End PBXResourcesBuildPhase section */

/* Begin PBXSourcesBuildPhase section */
		867057191DD9910E00C14186 /* Sources */ = {
			isa = PBXSourcesBuildPhase;
			buildActionMask = 2147483647;
			files = (
				867057281DD9910E00C14186 /* ViewController.m in Sources */,
				867057251DD9910E00C14186 /* AppDelegate.m in Sources */,
				867057221DD9910E00C14186 /* main.m in Sources */,
			);
			runOnlyForDeploymentPostprocessing = 0;
		};
		867057321DD9910E00C14186 /* Sources */ = {
			isa = PBXSourcesBuildPhase;
			buildActionMask = 2147483647;
			files = (
				8670573B1DD9910E00C14186 /* QRCodeReaderTests.m in Sources */,
			);
			runOnlyForDeploymentPostprocessing = 0;
		};
		8670573D1DD9910E00C14186 /* Sources */ = {
			isa = PBXSourcesBuildPhase;
			buildActionMask = 2147483647;
			files = (
				867057461DD9910E00C14186 /* QRCodeReaderUITests.m in Sources */,
			);
			runOnlyForDeploymentPostprocessing = 0;
		};
/* End PBXSourcesBuildPhase section */

/* Begin PBXTargetDependency section */
		867057381DD9910E00C14186 /* PBXTargetDependency */ = {
			isa = PBXTargetDependency;
			target = 8670571C1DD9910E00C14186 /* QRCodeReader */;
			targetProxy = 867057371DD9910E00C14186 /* PBXContainerItemProxy */;
		};
		867057431DD9910E00C14186 /* PBXTargetDependency */ = {
			isa = PBXTargetDependency;
			target = 8670571C1DD9910E00C14186 /* QRCodeReader */;
			targetProxy = 867057421DD9910E00C14186 /* PBXContainerItemProxy */;
		};
/* End PBXTargetDependency section */

/* Begin PBXVariantGroup section */
		867057291DD9910E00C14186 /* Main.storyboard */ = {
			isa = PBXVariantGroup;
			children = (
				8670572A1DD9910E00C14186 /* Base */,
			);
			name = Main.storyboard;
			sourceTree = "<group>";
		};
		8670572E1DD9910E00C14186 /* LaunchScreen.storyboard */ = {
			isa = PBXVariantGroup;
			children = (
				8670572F1DD9910E00C14186 /* Base */,
			);
			name = LaunchScreen.storyboard;
			sourceTree = "<group>";
		};
/* End PBXVariantGroup section */

/* Begin XCBuildConfiguration section */
		867057481DD9910E00C14186 /* Debug */ = {
			isa = XCBuildConfiguration;
			buildSettings = {
				ALWAYS_SEARCH_USER_PATHS = NO;
				CLANG_CXX_LANGUAGE_STANDARD = "gnu++0x";
				CLANG_CXX_LIBRARY = "libc++";
				CLANG_ENABLE_MODULES = YES;
				CLANG_ENABLE_OBJC_ARC = YES;
				CLANG_WARN_BOOL_CONVERSION = YES;
				CLANG_WARN_CONSTANT_CONVERSION = YES;
				CLANG_WARN_DIRECT_OBJC_ISA_USAGE = YES_ERROR;
				CLANG_WARN_EMPTY_BODY = YES;
				CLANG_WARN_ENUM_CONVERSION = YES;
				CLANG_WARN_INT_CONVERSION = YES;
				CLANG_WARN_OBJC_ROOT_CLASS = YES_ERROR;
				CLANG_WARN_UNREACHABLE_CODE = YES;
				CLANG_WARN__DUPLICATE_METHOD_MATCH = YES;
				"CODE_SIGN_IDENTITY[sdk=iphoneos*]" = "iPhone Developer";
				COPY_PHASE_STRIP = NO;
				DEBUG_INFORMATION_FORMAT = dwarf;
				ENABLE_STRICT_OBJC_MSGSEND = YES;
				ENABLE_TESTABILITY = YES;
				GCC_C_LANGUAGE_STANDARD = gnu99;
				GCC_DYNAMIC_NO_PIC = NO;
				GCC_NO_COMMON_BLOCKS = YES;
				GCC_OPTIMIZATION_LEVEL = 0;
				GCC_PREPROCESSOR_DEFINITIONS = (
					"DEBUG=1",
					"$(inherited)",
				);
				GCC_WARN_64_TO_32_BIT_CONVERSION = YES;
				GCC_WARN_ABOUT_RETURN_TYPE = YES_ERROR;
				GCC_WARN_UNDECLARED_SELECTOR = YES;
				GCC_WARN_UNINITIALIZED_AUTOS = YES_AGGRESSIVE;
				GCC_WARN_UNUSED_FUNCTION = YES;
				GCC_WARN_UNUSED_VARIABLE = YES;
				IPHONEOS_DEPLOYMENT_TARGET = 9.2;
				MTL_ENABLE_DEBUG_INFO = YES;
				ONLY_ACTIVE_ARCH = YES;
				SDKROOT = iphoneos;
				TARGETED_DEVICE_FAMILY = "1,2";
			};
			name = Debug;
		};
		867057491DD9910E00C14186 /* Release */ = {
			isa = XCBuildConfiguration;
			buildSettings = {
				ALWAYS_SEARCH_USER_PATHS = NO;
				CLANG_CXX_LANGUAGE_STANDARD = "gnu++0x";
				CLANG_CXX_LIBRARY = "libc++";
				CLANG_ENABLE_MODULES = YES;
				CLANG_ENABLE_OBJC_ARC = YES;
				CLANG_WARN_BOOL_CONVERSION = YES;
				CLANG_WARN_CONSTANT_CONVERSION = YES;
				CLANG_WARN_DIRECT_OBJC_ISA_USAGE = YES_ERROR;
				CLANG_WARN_EMPTY_BODY = YES;
				CLANG_WARN_ENUM_CONVERSION = YES;
				CLANG_WARN_INT_CONVERSION = YES;
				CLANG_WARN_OBJC_ROOT_CLASS = YES_ERROR;
				CLANG_WARN_UNREACHABLE_CODE = YES;
				CLANG_WARN__DUPLICATE_METHOD_MATCH = YES;
				"CODE_SIGN_IDENTITY[sdk=iphoneos*]" = "iPhone Developer";
				COPY_PHASE_STRIP = NO;
				DEBUG_INFORMATION_FORMAT = "dwarf-with-dsym";
				ENABLE_NS_ASSERTIONS = NO;
				ENABLE_STRICT_OBJC_MSGSEND = YES;
				GCC_C_LANGUAGE_STANDARD = gnu99;
				GCC_NO_COMMON_BLOCKS = YES;
				GCC_WARN_64_TO_32_BIT_CONVERSION = YES;
				GCC_WARN_ABOUT_RETURN_TYPE = YES_ERROR;
				GCC_WARN_UNDECLARED_SELECTOR = YES;
				GCC_WARN_UNINITIALIZED_AUTOS = YES_AGGRESSIVE;
				GCC_WARN_UNUSED_FUNCTION = YES;
				GCC_WARN_UNUSED_VARIABLE = YES;
				IPHONEOS_DEPLOYMENT_TARGET = 9.2;
				MTL_ENABLE_DEBUG_INFO = NO;
				SDKROOT = iphoneos;
				TARGETED_DEVICE_FAMILY = "1,2";
				VALIDATE_PRODUCT = YES;
			};
			name = Release;
		};
		8670574B1DD9910E00C14186 /* Debug */ = {
			isa = XCBuildConfiguration;
			buildSettings = {
				ASSETCATALOG_COMPILER_APPICON_NAME = AppIcon;
				DEVELOPMENT_TEAM = DH337745N2;
				INFOPLIST_FILE = QRCodeReader/Info.plist;
				IPHONEOS_DEPLOYMENT_TARGET = 9.2;
				LD_RUNPATH_SEARCH_PATHS = "$(inherited) @executable_path/Frameworks";
				PRODUCT_BUNDLE_IDENTIFIER = com.QRCodeReader;
				PRODUCT_NAME = "$(TARGET_NAME)";
			};
			name = Debug;
		};
		8670574C1DD9910E00C14186 /* Release */ = {
			isa = XCBuildConfiguration;
			buildSettings = {
				ASSETCATALOG_COMPILER_APPICON_NAME = AppIcon;
				DEVELOPMENT_TEAM = DH337745N2;
				INFOPLIST_FILE = QRCodeReader/Info.plist;
				IPHONEOS_DEPLOYMENT_TARGET = 9.2;
				LD_RUNPATH_SEARCH_PATHS = "$(inherited) @executable_path/Frameworks";
				PRODUCT_BUNDLE_IDENTIFIER = com.QRCodeReader;
				PRODUCT_NAME = "$(TARGET_NAME)";
			};
			name = Release;
		};
		8670574E1DD9910E00C14186 /* Debug */ = {
			isa = XCBuildConfiguration;
			buildSettings = {
				BUNDLE_LOADER = "$(TEST_HOST)";
				INFOPLIST_FILE = QRCodeReaderTests/Info.plist;
				LD_RUNPATH_SEARCH_PATHS = "$(inherited) @executable_path/Frameworks @loader_path/Frameworks";
				PRODUCT_BUNDLE_IDENTIFIER = com.QRCodeReaderTests;
				PRODUCT_NAME = "$(TARGET_NAME)";
				TEST_HOST = "$(BUILT_PRODUCTS_DIR)/QRCodeReader.app/QRCodeReader";
			};
			name = Debug;
		};
		8670574F1DD9910E00C14186 /* Release */ = {
			isa = XCBuildConfiguration;
			buildSettings = {
				BUNDLE_LOADER = "$(TEST_HOST)";
				INFOPLIST_FILE = QRCodeReaderTests/Info.plist;
				LD_RUNPATH_SEARCH_PATHS = "$(inherited) @executable_path/Frameworks @loader_path/Frameworks";
				PRODUCT_BUNDLE_IDENTIFIER = com.QRCodeReaderTests;
				PRODUCT_NAME = "$(TARGET_NAME)";
				TEST_HOST = "$(BUILT_PRODUCTS_DIR)/QRCodeReader.app/QRCodeReader";
			};
			name = Release;
		};
		867057511DD9910E00C14186 /* Debug */ = {
			isa = XCBuildConfiguration;
			buildSettings = {
				INFOPLIST_FILE = QRCodeReaderUITests/Info.plist;
				LD_RUNPATH_SEARCH_PATHS = "$(inherited) @executable_path/Frameworks @loader_path/Frameworks";
				PRODUCT_BUNDLE_IDENTIFIER = com.QRCodeReaderUITests;
				PRODUCT_NAME = "$(TARGET_NAME)";
				TEST_TARGET_NAME = QRCodeReader;
				USES_XCTRUNNER = YES;
			};
			name = Debug;
		};
		867057521DD9910E00C14186 /* Release */ = {
			isa = XCBuildConfiguration;
			buildSettings = {
				INFOPLIST_FILE = QRCodeReaderUITests/Info.plist;
				LD_RUNPATH_SEARCH_PATHS = "$(inherited) @executable_path/Frameworks @loader_path/Frameworks";
				PRODUCT_BUNDLE_IDENTIFIER = com.QRCodeReaderUITests;
				PRODUCT_NAME = "$(TARGET_NAME)";
				TEST_TARGET_NAME = QRCodeReader;
				USES_XCTRUNNER = YES;
			};
			name = Release;
		};
/* End XCBuildConfiguration section */

/* Begin XCConfigurationList section */
		867057181DD9910E00C14186 /* Build configuration list for PBXProject "QRCodeReader" */ = {
			isa = XCConfigurationList;
			buildConfigurations = (
				867057481DD9910E00C14186 /* Debug */,
				867057491DD9910E00C14186 /* Release */,
			);
			defaultConfigurationIsVisible = 0;
			defaultConfigurationName = Release;
		};
		8670574A1DD9910E00C14186 /* Build configuration list for PBXNativeTarget "QRCodeReader" */ = {
			isa = XCConfigurationList;
			buildConfigurations = (
				8670574B1DD9910E00C14186 /* Debug */,
				8670574C1DD9910E00C14186 /* Release */,
			);
			defaultConfigurationIsVisible = 0;
			defaultConfigurationName = Release;
		};
		8670574D1DD9910E00C14186 /* Build configuration list for PBXNativeTarget "QRCodeReaderTests" */ = {
			isa = XCConfigurationList;
			buildConfigurations = (
				8670574E1DD9910E00C14186 /* Debug */,
				8670574F1DD9910E00C14186 /* Release */,
			);
			defaultConfigurationIsVisible = 0;
			defaultConfigurationName = Release;
		};
		867057501DD9910E00C14186 /* Build configuration list for PBXNativeTarget "QRCodeReaderUITests" */ = {
			isa = XCConfigurationList;
			buildConfigurations = (
				867057511DD9910E00C14186 /* Debug */,
				867057521DD9910E00C14186 /* Release */,
			);
			defaultConfigurationIsVisible = 0;
			defaultConfigurationName = Release;
		};
/* End XCConfigurationList section */
	};
	rootObject = 867057151DD9910E00C14186 /* Project object */;
}
